
Microsoft Visual Studio Solution File, Format Version 12.00
# Visual Studio 2012
Project("{8BC9CEB8-8B4A-11D0-8D11-00A0C91BC942}") = "ConvexHull", "ConvexHull\ConvexHull.vcxproj", "{7645FDD0-5DE4-450C-9818-DA30C79E218A}"
EndProject
Global
	GlobalSection(SolutionConfigurationPlatforms) = preSolution
		Debug|Win32 = Debug|Win32
		Release|Win32 = Release|Win32
	EndGlobalSection
	GlobalSection(ProjectConfigurationPlatforms) = postSolution
		{7645FDD0-5DE4-450C-9818-DA30C79E218A}.Debug|Win32.ActiveCfg = Debug|Win32
		{7645FDD0-5DE4-450C-9818-DA30C79E218A}.Debug|Win32.Build.0 = Debug|Win32
		{7645FDD0-5DE4-450C-9818-DA30C79E218A}.Release|Win32.ActiveCfg = Release|Win32
		{7645FDD0-5DE4-450C-9818-DA30C79E218A}.Release|Win32.Build.0 = Release|Win32
	EndGlobalSection
	GlobalSection(SolutionProperties) = preSolution
		HideSolutionNode = FALSE
	EndGlobalSection
EndGlobal
